// !$*UTF8*$!
{
	archiveVersion = 1;
	classes = {
	};
	objectVersion = 48;
	objects = {

/* Begin PBXBuildFile section */
		6275491D205E05BC00DD0F13 /* AppDelegate.swift in Sources */ = {isa = PBXBuildFile; fileRef = 6275491C205E05BC00DD0F13 /* AppDelegate.swift */; };
		6275491F205E05BC00DD0F13 /* ViewController.swift in Sources */ = {isa = PBXBuildFile; fileRef = 6275491E205E05BC00DD0F13 /* ViewController.swift */; };
		62754922205E05BC00DD0F13 /* Main.storyboard in Resources */ = {isa = PBXBuildFile; fileRef = 62754920205E05BC00DD0F13 /* Main.storyboard */; };
		62754924205E05BC00DD0F13 /* Assets.xcassets in Resources */ = {isa = PBXBuildFile; fileRef = 62754923205E05BC00DD0F13 /* Assets.xcassets */; };
		62754927205E05BC00DD0F13 /* LaunchScreen.storyboard in Resources */ = {isa = PBXBuildFile; fileRef = 62754925205E05BC00DD0F13 /* LaunchScreen.storyboard */; };
/* End PBXBuildFile section */

/* Begin PBXFileReference section */
		62754919205E05BC00DD0F13 /* DashboardFeyzaTopgul.app */ = {isa = PBXFileReference; explicitFileType = wrapper.application; includeInIndex = 0; path = DashboardFeyzaTopgul.app; sourceTree = BUILT_PRODUCTS_DIR; };
		6275491C205E05BC00DD0F13 /* AppDelegate.swift */ = {isa = PBXFileReference; lastKnownFileType = sourcecode.swift; path = AppDelegate.swift; sourceTree = "<group>"; };
		6275491E205E05BC00DD0F13 /* ViewController.swift */ = {isa = PBXFileReference; lastKnownFileType = sourcecode.swift; path = ViewController.swift; sourceTree = "<group>"; };
		62754921205E05BC00DD0F13 /* Base */ = {isa = PBXFileReference; lastKnownFileType = file.storyboard; name = Base; path = Base.lproj/Main.storyboard; sourceTree = "<group>"; };
		62754923205E05BC00DD0F13 /* Assets.xcassets */ = {isa = PBXFileReference; lastKnownFileType = folder.assetcatalog; path = Assets.xcassets; sourceTree = "<group>"; };
		62754926205E05BC00DD0F13 /* Base */ = {isa = PBXFileReference; lastKnownFileType = file.storyboard; name = Base; path = Base.lproj/LaunchScreen.storyboard; sourceTree = "<group>"; };
		62754928205E05BC00DD0F13 /* Info.plist */ = {isa = PBXFileReference; lastKnownFileType = text.plist.xml; path = Info.plist; sourceTree = "<group>"; };
/* End PBXFileReference section */

/* Begin PBXFrameworksBuildPhase section */
		62754916205E05BC00DD0F13 /* Frameworks */ = {
			isa = PBXFrameworksBuildPhase;
			buildActionMask = 2147483647;
			files = (
			);
			runOnlyForDeploymentPostprocessing = 0;
		};
/* End PBXFrameworksBuildPhase section */

/* Begin PBXGroup section */
		62754910205E05BC00DD0F13 = {
			isa = PBXGroup;
			children = (
				6275491B205E05BC00DD0F13 /* DashboardFeyzaTopgul */,
				6275491A205E05BC00DD0F13 /* Products */,
			);
			sourceTree = "<group>";
		};
		6275491A205E05BC00DD0F13 /* Products */ = {
			isa = PBXGroup;
			children = (
				62754919205E05BC00DD0F13 /* DashboardFeyzaTopgul.app */,
			);
			name = Products;
			sourceTree = "<group>";
		};
		6275491B205E05BC00DD0F13 /* DashboardFeyzaTopgul */ = {
			isa = PBXGroup;
			children = (
				6275491C205E05BC00DD0F13 /* AppDelegate.swift */,
				6275491E205E05BC00DD0F13 /* ViewController.swift */,
				62754920205E05BC00DD0F13 /* Main.storyboard */,
				62754923205E05BC00DD0F13 /* Assets.xcassets */,
				62754925205E05BC00DD0F13 /* LaunchScreen.storyboard */,
				62754928205E05BC00DD0F13 /* Info.plist */,
			);
			path = DashboardFeyzaTopgul;
			sourceTree = "<group>";
		};
/* End PBXGroup section */

/* Begin PBXNativeTarget section */
		62754918205E05BC00DD0F13 /* DashboardFeyzaTopgul */ = {
			isa = PBXNativeTarget;
			buildConfigurationList = 6275492B205E05BC00DD0F13 /* Build configuration list for PBXNativeTarget "DashboardFeyzaTopgul" */;
			buildPhases = (
				62754915205E05BC00DD0F13 /* Sources */,
				62754916205E05BC00DD0F13 /* Frameworks */,
				62754917205E05BC00DD0F13 /* Resources */,
			);
			buildRules = (
			);
			dependencies = (
			);
			name = DashboardFeyzaTopgul;
			productName = DashboardFeyzaTopgul;
			productReference = 62754919205E05BC00DD0F13 /* DashboardFeyzaTopgul.app */;
			productType = "com.apple.product-type.application";
		};
/* End PBXNativeTarget section */

/* Begin PBXProject section */
		62754911205E05BC00DD0F13 /* Project object */ = {
			isa = PBXProject;
			attributes = {
				LastSwiftUpdateCheck = 0920;
				LastUpgradeCheck = 0920;
				ORGANIZATIONNAME = "Feyza Topgul";
				TargetAttributes = {
					62754918205E05BC00DD0F13 = {
						CreatedOnToolsVersion = 9.2;
						ProvisioningStyle = Automatic;
					};
				};
			};
			buildConfigurationList = 62754914205E05BC00DD0F13 /* Build configuration list for PBXProject "DashboardFeyzaTopgul" */;
			compatibilityVersion = "Xcode 8.0";
			developmentRegion = en;
			hasScannedForEncodings = 0;
			knownRegions = (
				en,
				Base,
			);
			mainGroup = 62754910205E05BC00DD0F13;
			productRefGroup = 6275491A205E05BC00DD0F13 /* Products */;
			projectDirPath = "";
			projectRoot = "";
			targets = (
				62754918205E05BC00DD0F13 /* DashboardFeyzaTopgul */,
			);
		};
/* End PBXProject section */

/* Begin PBXResourcesBuildPhase section */
		62754917205E05BC00DD0F13 /* Resources */ = {
			isa = PBXResourcesBuildPhase;
			buildActionMask = 2147483647;
			files = (
				62754927205E05BC00DD0F13 /* LaunchScreen.storyboard in Resources */,
				62754924205E05BC00DD0F13 /* Assets.xcassets in Resources */,
				62754922205E05BC00DD0F13 /* Main.storyboard in Resources */,
			);
			runOnlyForDeploymentPostprocessing = 0;
		};
/* End PBXResourcesBuildPhase section */

/* Begin PBXSourcesBuildPhase section */
		62754915205E05BC00DD0F13 /* Sources */ = {
			isa = PBXSourcesBuildPhase;
			buildActionMask = 2147483647;
			files = (
				6275491F205E05BC00DD0F13 /* ViewController.swift in Sources */,
				6275491D205E05BC00DD0F13 /* AppDelegate.swift in Sources */,
			);
			runOnlyForDeploymentPostprocessing = 0;
		};
/* End PBXSourcesBuildPhase section */

/* Begin PBXVariantGroup section */
		62754920205E05BC00DD0F13 /* Main.storyboard */ = {
			isa = PBXVariantGroup;
			children = (
				62754921205E05BC00DD0F13 /* Base */,
			);
			name = Main.storyboard;
			sourceTree = "<group>";
		};
		62754925205E05BC00DD0F13 /* LaunchScreen.storyboard */ = {
			isa = PBXVariantGroup;
			children = (
				62754926205E05BC00DD0F13 /* Base */,
			);
			name = LaunchScreen.storyboard;
			sourceTree = "<group>";
		};
/* End PBXVariantGroup section */

/* Begin XCBuildConfiguration section */
		62754929205E05BC00DD0F13 /* Debug */ = {
			isa = XCBuildConfiguration;
			buildSettings = {
				ALWAYS_SEARCH_USER_PATHS = NO;
				CLANG_ANALYZER_NONNULL = YES;
				CLANG_ANALYZER_NUMBER_OBJECT_CONVERSION = YES_AGGRESSIVE;
				CLANG_CXX_LANGUAGE_STANDARD = "gnu++14";
				CLANG_CXX_LIBRARY = "libc++";
				CLANG_ENABLE_MODULES = YES;
				CLANG_ENABLE_OBJC_ARC = YES;
				CLANG_WARN_BLOCK_CAPTURE_AUTORELEASING = YES;
				CLANG_WARN_BOOL_CONVERSION = YES;
				CLANG_WARN_COMMA = YES;
				CLANG_WARN_CONSTANT_CONVERSION = YES;
				CLANG_WARN_DIRECT_OBJC_ISA_USAGE = YES_ERROR;
				CLANG_WARN_DOCUMENTATION_COMMENTS = YES;
				CLANG_WARN_EMPTY_BODY = YES;
				CLANG_WARN_ENUM_CONVERSION = YES;
				CLANG_WARN_INFINITE_RECURSION = YES;
				CLANG_WARN_INT_CONVERSION = YES;
				CLANG_WARN_NON_LITERAL_NULL_CONVERSION = YES;
				CLANG_WARN_OBJC_LITERAL_CONVERSION = YES;
				CLANG_WARN_OBJC_ROOT_CLASS = YES_ERROR;
				CLANG_WARN_RANGE_LOOP_ANALYSIS = YES;
				CLANG_WARN_STRICT_PROTOTYPES = YES;
				CLANG_WARN_SUSPICIOUS_MOVE = YES;
				CLANG_WARN_UNGUARDED_AVAILABILITY = YES_AGGRESSIVE;
				CLANG_WARN_UNREACHABLE_CODE = YES;
				CLANG_WARN__DUPLICATE_METHOD_MATCH = YES;
				CODE_SIGN_IDENTITY = "iPhone Developer";
				COPY_PHASE_STRIP = NO;
				DEBUG_INFORMATION_FORMAT = dwarf;
				ENABLE_STRICT_OBJC_MSGSEND = YES;
				ENABLE_TESTABILITY = YES;
				GCC_C_LANGUAGE_STANDARD = gnu11;
				GCC_DYNAMIC_NO_PIC = NO;
				GCC_NO_COMMON_BLOCKS = YES;
				GCC_OPTIMIZATION_LEVEL = 0;
				GCC_PREPROCESSOR_DEFINITIONS = (
					"DEBUG=1",
					"$(inherited)",
				);
				GCC_WARN_64_TO_32_BIT_CONVERSION = YES;
				GCC_WARN_ABOUT_RETURN_TYPE = YES_ERROR;
				GCC_WARN_UNDECLARED_SELECTOR = YES;
				GCC_WARN_UNINITIALIZED_AUTOS = YES_AGGRESSIVE;
				GCC_WARN_UNUSED_FUNCTION = YES;
				GCC_WARN_UNUSED_VARIABLE = YES;
				IPHONEOS_DEPLOYMENT_TARGET = 11.2;
				MTL_ENABLE_DEBUG_INFO = YES;
				ONLY_ACTIVE_ARCH = YES;
				SDKROOT = iphoneos;
				SWIFT_ACTIVE_COMPILATION_CONDITIONS = DEBUG;
				SWIFT_OPTIMIZATION_LEVEL = "-Onone";
			};
			name = Debug;
		};
		6275492A205E05BC00DD0F13 /* Release */ = {
			isa = XCBuildConfiguration;
			buildSettings = {
				ALWAYS_SEARCH_USER_PATHS = NO;
				CLANG_ANALYZER_NONNULL = YES;
				CLANG_ANALYZER_NUMBER_OBJECT_CONVERSION = YES_AGGRESSIVE;
				CLANG_CXX_LANGUAGE_STANDARD = "gnu++14";
				CLANG_CXX_LIBRARY = "libc++";
				CLANG_ENABLE_MODULES = YES;
				CLANG_ENABLE_OBJC_ARC = YES;
				CLANG_WARN_BLOCK_CAPTURE_AUTORELEASING = YES;
				CLANG_WARN_BOOL_CONVERSION = YES;
				CLANG_WARN_COMMA = YES;
				CLANG_WARN_CONSTANT_CONVERSION = YES;
				CLANG_WARN_DIRECT_OBJC_ISA_USAGE = YES_ERROR;
				CLANG_WARN_DOCUMENTATION_COMMENTS = YES;
				CLANG_WARN_EMPTY_BODY = YES;
				CLANG_WARN_ENUM_CONVERSION = YES;
				CLANG_WARN_INFINITE_RECURSION = YES;
				CLANG_WARN_INT_CONVERSION = YES;
				CLANG_WARN_NON_LITERAL_NULL_CONVERSION = YES;
				CLANG_WARN_OBJC_LITERAL_CONVERSION = YES;
				CLANG_WARN_OBJC_ROOT_CLASS = YES_ERROR;
				CLANG_WARN_RANGE_LOOP_ANALYSIS = YES;
				CLANG_WARN_STRICT_PROTOTYPES = YES;
				CLANG_WARN_SUSPICIOUS_MOVE = YES;
				CLANG_WARN_UNGUARDED_AVAILABILITY = YES_AGGRESSIVE;
				CLANG_WARN_UNREACHABLE_CODE = YES;
				CLANG_WARN__DUPLICATE_METHOD_MATCH = YES;
				CODE_SIGN_IDENTITY = "iPhone Developer";
				COPY_PHASE_STRIP = NO;
				DEBUG_INFORMATION_FORMAT = "dwarf-with-dsym";
				ENABLE_NS_ASSERTIONS = NO;
				ENABLE_STRICT_OBJC_MSGSEND = YES;
				GCC_C_LANGUAGE_STANDARD = gnu11;
				GCC_NO_COMMON_BLOCKS = YES;
				GCC_WARN_64_TO_32_BIT_CONVERSION = YES;
				GCC_WARN_ABOUT_RETURN_TYPE = YES_ERROR;
				GCC_WARN_UNDECLARED_SELECTOR = YES;
				GCC_WARN_UNINITIALIZED_AUTOS = YES_AGGRESSIVE;
				GCC_WARN_UNUSED_FUNCTION = YES;
				GCC_WARN_UNUSED_VARIABLE = YES;
				IPHONEOS_DEPLOYMENT_TARGET = 11.2;
				MTL_ENABLE_DEBUG_INFO = NO;
				SDKROOT = iphoneos;
				SWIFT_OPTIMIZATION_LEVEL = "-Owholemodule";
				VALIDATE_PRODUCT = YES;
			};
			name = Release;
		};
		6275492C205E05BC00DD0F13 /* Debug */ = {
			isa = XCBuildConfiguration;
			buildSettings = {
				ASSETCATALOG_COMPILER_APPICON_NAME = AppIcon;
				CODE_SIGN_STYLE = Automatic;
				INFOPLIST_FILE = DashboardFeyzaTopgul/Info.plist;
				LD_RUNPATH_SEARCH_PATHS = "$(inherited) @executable_path/Frameworks";
				PRODUCT_BUNDLE_IDENTIFIER = edu.ucsc.DashboardFeyzaTopgul;
				PRODUCT_NAME = "$(TARGET_NAME)";
				SWIFT_VERSION = 4.0;
				TARGETED_DEVICE_FAMILY = "1,2";
			};
			name = Debug;
		};
		6275492D205E05BC00DD0F13 /* Release */ = {
			isa = XCBuildConfiguration;
			buildSettings = {
				ASSETCATALOG_COMPILER_APPICON_NAME = AppIcon;
				CODE_SIGN_STYLE = Automatic;
				INFOPLIST_FILE = DashboardFeyzaTopgul/Info.plist;
				LD_RUNPATH_SEARCH_PATHS = "$(inherited) @executable_path/Frameworks";
				PRODUCT_BUNDLE_IDENTIFIER = edu.ucsc.DashboardFeyzaTopgul;
				PRODUCT_NAME = "$(TARGET_NAME)";
				SWIFT_VERSION = 4.0;
				TARGETED_DEVICE_FAMILY = "1,2";
			};
			name = Release;
		};
/* End XCBuildConfiguration section */

/* Begin XCConfigurationList section */
		62754914205E05BC00DD0F13 /* Build configuration list for PBXProject "DashboardFeyzaTopgul" */ = {
			isa = XCConfigurationList;
			buildConfigurations = (
				62754929205E05BC00DD0F13 /* Debug */,
				6275492A205E05BC00DD0F13 /* Release */,
			);
			defaultConfigurationIsVisible = 0;
			defaultConfigurationName = Release;
		};
		6275492B205E05BC00DD0F13 /* Build configuration list for PBXNativeTarget "DashboardFeyzaTopgul" */ = {
			isa = XCConfigurationList;
			buildConfigurations = (
				6275492C205E05BC00DD0F13 /* Debug */,
				6275492D205E05BC00DD0F13 /* Release */,
			);
			defaultConfigurationIsVisible = 0;
			defaultConfigurationName = Release;
		};
/* End XCConfigurationList section */
	};
	rootObject = 62754911205E05BC00DD0F13 /* Project object */;
}
